github.com/ahakkila/migrator v0.0.0-20220907041835-cbf053b3e1e6 h1:oHQdJryPWoiJQhFWTLfp39DQrcU15KTEIiQWMr2LJn8=
github.com/ahakkila/migrator v0.0.0-20220907041835-cbf053b3e1e6/go.mod h1:Q/H3LB+1/Yttl7OGxB9/vbrTq2KiBR5tdrsNxKDybNA=
github.com/ahakkila/migrator v0.0.0-20220907044645-5c6ebe0127f1 h1:bmgJcyiDPbLpSd9r/uAry2F3YvFyQyVrusA1mo4Akr8=
github.com/ahakkila/migrator v0.0.0-20220907044645-5c6ebe0127f1/go.mod h1:Q/H3LB+1/Yttl7OGxB9/vbrTq2KiBR5tdrsNxKDybNA=
